// !$*UTF8*$!
{
	archiveVersion = 1;
	classes = {
	};
	objectVersion = 56;
	objects = {

/* Begin PBXBuildFile section */
		2F6F2F4193BD7095794A51E5 /* Pods_CallingDemo.framework in Frameworks */ = {isa = PBXBuildFile; fileRef = C4DE3C1E504DB8E699A16CEC /* Pods_CallingDemo.framework */; };
		E45DC5C62C2D9061004F68F1 /* AppDelegate.swift in Sources */ = {isa = PBXBuildFile; fileRef = E45DC5C52C2D9061004F68F1 /* AppDelegate.swift */; };
		E45DC5C82C2D9061004F68F1 /* SceneDelegate.swift in Sources */ = {isa = PBXBuildFile; fileRef = E45DC5C72C2D9061004F68F1 /* SceneDelegate.swift */; };
		E45DC5CA2C2D9061004F68F1 /* ViewController.swift in Sources */ = {isa = PBXBuildFile; fileRef = E45DC5C92C2D9061004F68F1 /* ViewController.swift */; };
		E45DC5CD2C2D9061004F68F1 /* Main.storyboard in Resources */ = {isa = PBXBuildFile; fileRef = E45DC5CB2C2D9061004F68F1 /* Main.storyboard */; };
		E45DC5CF2C2D9063004F68F1 /* Assets.xcassets in Resources */ = {isa = PBXBuildFile; fileRef = E45DC5CE2C2D9063004F68F1 /* Assets.xcassets */; };
		E45DC5D22C2D9063004F68F1 /* LaunchScreen.storyboard in Resources */ = {isa = PBXBuildFile; fileRef = E45DC5D02C2D9063004F68F1 /* LaunchScreen.storyboard */; };
/* End PBXBuildFile section */

/* Begin PBXFileReference section */
		54D2B995F47ABEE719356EFE /* Pods-CallingDemo.release.xcconfig */ = {isa = PBXFileReference; includeInIndex = 1; lastKnownFileType = text.xcconfig; name = "Pods-CallingDemo.release.xcconfig"; path = "Target Support Files/Pods-CallingDemo/Pods-CallingDemo.release.xcconfig"; sourceTree = "<group>"; };
		9254D76FDA85B22FAB36B811 /* Pods-CallingDemo.debug.xcconfig */ = {isa = PBXFileReference; includeInIndex = 1; lastKnownFileType = text.xcconfig; name = "Pods-CallingDemo.debug.xcconfig"; path = "Target Support Files/Pods-CallingDemo/Pods-CallingDemo.debug.xcconfig"; sourceTree = "<group>"; };
		C4DE3C1E504DB8E699A16CEC /* Pods_CallingDemo.framework */ = {isa = PBXFileReference; explicitFileType = wrapper.framework; includeInIndex = 0; path = Pods_CallingDemo.framework; sourceTree = BUILT_PRODUCTS_DIR; };
		E45DC5C22C2D9061004F68F1 /* CallingDemo.app */ = {isa = PBXFileReference; explicitFileType = wrapper.application; includeInIndex = 0; path = CallingDemo.app; sourceTree = BUILT_PRODUCTS_DIR; };
		E45DC5C52C2D9061004F68F1 /* AppDelegate.swift */ = {isa = PBXFileReference; lastKnownFileType = sourcecode.swift; path = AppDelegate.swift; sourceTree = "<group>"; };
		E45DC5C72C2D9061004F68F1 /* SceneDelegate.swift */ = {isa = PBXFileReference; lastKnownFileType = sourcecode.swift; path = SceneDelegate.swift; sourceTree = "<group>"; };
		E45DC5C92C2D9061004F68F1 /* ViewController.swift */ = {isa = PBXFileReference; lastKnownFileType = sourcecode.swift; path = ViewController.swift; sourceTree = "<group>"; };
		E45DC5CC2C2D9061004F68F1 /* Base */ = {isa = PBXFileReference; lastKnownFileType = file.storyboard; name = Base; path = Base.lproj/Main.storyboard; sourceTree = "<group>"; };
		E45DC5CE2C2D9063004F68F1 /* Assets.xcassets */ = {isa = PBXFileReference; lastKnownFileType = folder.assetcatalog; path = Assets.xcassets; sourceTree = "<group>"; };
		E45DC5D12C2D9063004F68F1 /* Base */ = {isa = PBXFileReference; lastKnownFileType = file.storyboard; name = Base; path = Base.lproj/LaunchScreen.storyboard; sourceTree = "<group>"; };
		E45DC5D32C2D9063004F68F1 /* Info.plist */ = {isa = PBXFileReference; lastKnownFileType = text.plist.xml; path = Info.plist; sourceTree = "<group>"; };
/* End PBXFileReference section */

/* Begin PBXFrameworksBuildPhase section */
		E45DC5BF2C2D9061004F68F1 /* Frameworks */ = {
			isa = PBXFrameworksBuildPhase;
			buildActionMask = 2147483647;
			files = (
				2F6F2F4193BD7095794A51E5 /* Pods_CallingDemo.framework in Frameworks */,
			);
			runOnlyForDeploymentPostprocessing = 0;
		};
/* End PBXFrameworksBuildPhase section */

/* Begin PBXGroup section */
		36023911DF75A5690E7EF2DF /* Frameworks */ = {
			isa = PBXGroup;
			children = (
				C4DE3C1E504DB8E699A16CEC /* Pods_CallingDemo.framework */,
			);
			name = Frameworks;
			sourceTree = "<group>";
		};
		C3874F72129FCF9C22E3C560 /* Pods */ = {
			isa = PBXGroup;
			children = (
				9254D76FDA85B22FAB36B811 /* Pods-CallingDemo.debug.xcconfig */,
				54D2B995F47ABEE719356EFE /* Pods-CallingDemo.release.xcconfig */,
			);
			path = Pods;
			sourceTree = "<group>";
		};
		E45DC5B92C2D9061004F68F1 = {
			isa = PBXGroup;
			children = (
				E45DC5C42C2D9061004F68F1 /* CallingDemo */,
				E45DC5C32C2D9061004F68F1 /* Products */,
				C3874F72129FCF9C22E3C560 /* Pods */,
				36023911DF75A5690E7EF2DF /* Frameworks */,
			);
			sourceTree = "<group>";
		};
		E45DC5C32C2D9061004F68F1 /* Products */ = {
			isa = PBXGroup;
			children = (
				E45DC5C22C2D9061004F68F1 /* CallingDemo.app */,
			);
			name = Products;
			sourceTree = "<group>";
		};
		E45DC5C42C2D9061004F68F1 /* CallingDemo */ = {
			isa = PBXGroup;
			children = (
				E45DC5C52C2D9061004F68F1 /* AppDelegate.swift */,
				E45DC5C72C2D9061004F68F1 /* SceneDelegate.swift */,
				E45DC5C92C2D9061004F68F1 /* ViewController.swift */,
				E45DC5CB2C2D9061004F68F1 /* Main.storyboard */,
				E45DC5CE2C2D9063004F68F1 /* Assets.xcassets */,
				E45DC5D02C2D9063004F68F1 /* LaunchScreen.storyboard */,
				E45DC5D32C2D9063004F68F1 /* Info.plist */,
			);
			path = CallingDemo;
			sourceTree = "<group>";
		};
/* End PBXGroup section */

/* Begin PBXNativeTarget section */
		E45DC5C12C2D9061004F68F1 /* CallingDemo */ = {
			isa = PBXNativeTarget;
			buildConfigurationList = E45DC5D62C2D9063004F68F1 /* Build configuration list for PBXNativeTarget "CallingDemo" */;
			buildPhases = (
				5695472D6F8D510862D2B8D1 /* [CP] Check Pods Manifest.lock */,
				E45DC5BE2C2D9061004F68F1 /* Sources */,
				E45DC5BF2C2D9061004F68F1 /* Frameworks */,
				E45DC5C02C2D9061004F68F1 /* Resources */,
				DD8359D0CA3B5FF7DD32B492 /* [CP] Embed Pods Frameworks */,
			);
			buildRules = (
			);
			dependencies = (
			);
			name = CallingDemo;
			productName = CallingDemo;
			productReference = E45DC5C22C2D9061004F68F1 /* CallingDemo.app */;
			productType = "com.apple.product-type.application";
		};
/* End PBXNativeTarget section */

/* Begin PBXProject section */
		E45DC5BA2C2D9061004F68F1 /* Project object */ = {
			isa = PBXProject;
			attributes = {
				BuildIndependentTargetsInParallel = 1;
				LastSwiftUpdateCheck = 1520;
				LastUpgradeCheck = 1520;
				TargetAttributes = {
					E45DC5C12C2D9061004F68F1 = {
						CreatedOnToolsVersion = 15.2;
					};
				};
			};
			buildConfigurationList = E45DC5BD2C2D9061004F68F1 /* Build configuration list for PBXProject "CallingDemo" */;
			compatibilityVersion = "Xcode 14.0";
			developmentRegion = en;
			hasScannedForEncodings = 0;
			knownRegions = (
				en,
				Base,
			);
			mainGroup = E45DC5B92C2D9061004F68F1;
			productRefGroup = E45DC5C32C2D9061004F68F1 /* Products */;
			projectDirPath = "";
			projectRoot = "";
			targets = (
				E45DC5C12C2D9061004F68F1 /* CallingDemo */,
			);
		};
/* End PBXProject section */

/* Begin PBXResourcesBuildPhase section */
		E45DC5C02C2D9061004F68F1 /* Resources */ = {
			isa = PBXResourcesBuildPhase;
			buildActionMask = 2147483647;
			files = (
				E45DC5D22C2D9063004F68F1 /* LaunchScreen.storyboard in Resources */,
				E45DC5CF2C2D9063004F68F1 /* Assets.xcassets in Resources */,
				E45DC5CD2C2D9061004F68F1 /* Main.storyboard in Resources */,
			);
			runOnlyForDeploymentPostprocessing = 0;
		};
/* End PBXResourcesBuildPhase section */

/* Begin PBXShellScriptBuildPhase section */
		5695472D6F8D510862D2B8D1 /* [CP] Check Pods Manifest.lock */ = {
			isa = PBXShellScriptBuildPhase;
			buildActionMask = 2147483647;
			files = (
			);
			inputFileListPaths = (
			);
			inputPaths = (
				"${PODS_PODFILE_DIR_PATH}/Podfile.lock",
				"${PODS_ROOT}/Manifest.lock",
			);
			name = "[CP] Check Pods Manifest.lock";
			outputFileListPaths = (
			);
			outputPaths = (
				"$(DERIVED_FILE_DIR)/Pods-CallingDemo-checkManifestLockResult.txt",
			);
			runOnlyForDeploymentPostprocessing = 0;
			shellPath = /bin/sh;
			shellScript = "diff \"${PODS_PODFILE_DIR_PATH}/Podfile.lock\" \"${PODS_ROOT}/Manifest.lock\" > /dev/null\nif [ $? != 0 ] ; then\n    # print error to STDERR\n    echo \"error: The sandbox is not in sync with the Podfile.lock. Run 'pod install' or update your CocoaPods installation.\" >&2\n    exit 1\nfi\n# This output is used by Xcode 'outputs' to avoid re-running this script phase.\necho \"SUCCESS\" > \"${SCRIPT_OUTPUT_FILE_0}\"\n";
			showEnvVarsInLog = 0;
		};
		DD8359D0CA3B5FF7DD32B492 /* [CP] Embed Pods Frameworks */ = {
			isa = PBXShellScriptBuildPhase;
			buildActionMask = 2147483647;
			files = (
			);
			inputFileListPaths = (
				"${PODS_ROOT}/Target Support Files/Pods-CallingDemo/Pods-CallingDemo-frameworks-${CONFIGURATION}-input-files.xcfilelist",
			);
			name = "[CP] Embed Pods Frameworks";
			outputFileListPaths = (
				"${PODS_ROOT}/Target Support Files/Pods-CallingDemo/Pods-CallingDemo-frameworks-${CONFIGURATION}-output-files.xcfilelist",
			);
			runOnlyForDeploymentPostprocessing = 0;
			shellPath = /bin/sh;
			shellScript = "\"${PODS_ROOT}/Target Support Files/Pods-CallingDemo/Pods-CallingDemo-frameworks.sh\"\n";
			showEnvVarsInLog = 0;
		};
/* End PBXShellScriptBuildPhase section */

/* Begin PBXSourcesBuildPhase section */
		E45DC5BE2C2D9061004F68F1 /* Sources */ = {
			isa = PBXSourcesBuildPhase;
			buildActionMask = 2147483647;
			files = (
				E45DC5CA2C2D9061004F68F1 /* ViewController.swift in Sources */,
				E45DC5C62C2D9061004F68F1 /* AppDelegate.swift in Sources */,
				E45DC5C82C2D9061004F68F1 /* SceneDelegate.swift in Sources */,
			);
			runOnlyForDeploymentPostprocessing = 0;
		};
/* End PBXSourcesBuildPhase section */

/* Begin PBXVariantGroup section */
		E45DC5CB2C2D9061004F68F1 /* Main.storyboard */ = {
			isa = PBXVariantGroup;
			children = (
				E45DC5CC2C2D9061004F68F1 /* Base */,
			);
			name = Main.storyboard;
			sourceTree = "<group>";
		};
		E45DC5D02C2D9063004F68F1 /* LaunchScreen.storyboard */ = {
			isa = PBXVariantGroup;
			children = (
				E45DC5D12C2D9063004F68F1 /* Base */,
			);
			name = LaunchScreen.storyboard;
			sourceTree = "<group>";
		};
/* End PBXVariantGroup section */

/* Begin XCBuildConfiguration section */
		E45DC5D42C2D9063004F68F1 /* Debug */ = {
			isa = XCBuildConfiguration;
			buildSettings = {
				ALWAYS_SEARCH_USER_PATHS = NO;
				ASSETCATALOG_COMPILER_GENERATE_SWIFT_ASSET_SYMBOL_EXTENSIONS = YES;
				CLANG_ANALYZER_NONNULL = YES;
				CLANG_ANALYZER_NUMBER_OBJECT_CONVERSION = YES_AGGRESSIVE;
				CLANG_CXX_LANGUAGE_STANDARD = "gnu++20";
				CLANG_ENABLE_MODULES = YES;
				CLANG_ENABLE_OBJC_ARC = YES;
				CLANG_ENABLE_OBJC_WEAK = YES;
				CLANG_WARN_BLOCK_CAPTURE_AUTORELEASING = YES;
				CLANG_WARN_BOOL_CONVERSION = YES;
				CLANG_WARN_COMMA = YES;
				CLANG_WARN_CONSTANT_CONVERSION = YES;
				CLANG_WARN_DEPRECATED_OBJC_IMPLEMENTATIONS = YES;
				CLANG_WARN_DIRECT_OBJC_ISA_USAGE = YES_ERROR;
				CLANG_WARN_DOCUMENTATION_COMMENTS = YES;
				CLANG_WARN_EMPTY_BODY = YES;
				CLANG_WARN_ENUM_CONVERSION = YES;
				CLANG_WARN_INFINITE_RECURSION = YES;
				CLANG_WARN_INT_CONVERSION = YES;
				CLANG_WARN_NON_LITERAL_NULL_CONVERSION = YES;
				CLANG_WARN_OBJC_IMPLICIT_RETAIN_SELF = YES;
				CLANG_WARN_OBJC_LITERAL_CONVERSION = YES;
				CLANG_WARN_OBJC_ROOT_CLASS = YES_ERROR;
				CLANG_WARN_QUOTED_INCLUDE_IN_FRAMEWORK_HEADER = YES;
				CLANG_WARN_RANGE_LOOP_ANALYSIS = YES;
				CLANG_WARN_STRICT_PROTOTYPES = YES;
				CLANG_WARN_SUSPICIOUS_MOVE = YES;
				CLANG_WARN_UNGUARDED_AVAILABILITY = YES_AGGRESSIVE;
				CLANG_WARN_UNREACHABLE_CODE = YES;
				CLANG_WARN__DUPLICATE_METHOD_MATCH = YES;
				COPY_PHASE_STRIP = NO;
				DEBUG_INFORMATION_FORMAT = dwarf;
				ENABLE_STRICT_OBJC_MSGSEND = YES;
				ENABLE_TESTABILITY = YES;
				ENABLE_USER_SCRIPT_SANDBOXING = YES;
				GCC_C_LANGUAGE_STANDARD = gnu17;
				GCC_DYNAMIC_NO_PIC = NO;
				GCC_NO_COMMON_BLOCKS = YES;
				GCC_OPTIMIZATION_LEVEL = 0;
				GCC_PREPROCESSOR_DEFINITIONS = (
					"DEBUG=1",
					"$(inherited)",
				);
				GCC_WARN_64_TO_32_BIT_CONVERSION = YES;
				GCC_WARN_ABOUT_RETURN_TYPE = YES_ERROR;
				GCC_WARN_UNDECLARED_SELECTOR = YES;
				GCC_WARN_UNINITIALIZED_AUTOS = YES_AGGRESSIVE;
				GCC_WARN_UNUSED_FUNCTION = YES;
				GCC_WARN_UNUSED_VARIABLE = YES;
				IPHONEOS_DEPLOYMENT_TARGET = 17.2;
				LOCALIZATION_PREFERS_STRING_CATALOGS = YES;
				MTL_ENABLE_DEBUG_INFO = INCLUDE_SOURCE;
				MTL_FAST_MATH = YES;
				ONLY_ACTIVE_ARCH = YES;
				SDKROOT = iphoneos;
				SWIFT_ACTIVE_COMPILATION_CONDITIONS = "DEBUG $(inherited)";
				SWIFT_OPTIMIZATION_LEVEL = "-Onone";
			};
			name = Debug;
		};
		E45DC5D52C2D9063004F68F1 /* Release */ = {
			isa = XCBuildConfiguration;
			buildSettings = {
				ALWAYS_SEARCH_USER_PATHS = NO;
				ASSETCATALOG_COMPILER_GENERATE_SWIFT_ASSET_SYMBOL_EXTENSIONS = YES;
				CLANG_ANALYZER_NONNULL = YES;
				CLANG_ANALYZER_NUMBER_OBJECT_CONVERSION = YES_AGGRESSIVE;
				CLANG_CXX_LANGUAGE_STANDARD = "gnu++20";
				CLANG_ENABLE_MODULES = YES;
				CLANG_ENABLE_OBJC_ARC = YES;
				CLANG_ENABLE_OBJC_WEAK = YES;
				CLANG_WARN_BLOCK_CAPTURE_AUTORELEASING = YES;
				CLANG_WARN_BOOL_CONVERSION = YES;
				CLANG_WARN_COMMA = YES;
				CLANG_WARN_CONSTANT_CONVERSION = YES;
				CLANG_WARN_DEPRECATED_OBJC_IMPLEMENTATIONS = YES;
				CLANG_WARN_DIRECT_OBJC_ISA_USAGE = YES_ERROR;
				CLANG_WARN_DOCUMENTATION_COMMENTS = YES;
				CLANG_WARN_EMPTY_BODY = YES;
				CLANG_WARN_ENUM_CONVERSION = YES;
				CLANG_WARN_INFINITE_RECURSION = YES;
				CLANG_WARN_INT_CONVERSION = YES;
				CLANG_WARN_NON_LITERAL_NULL_CONVERSION = YES;
				CLANG_WARN_OBJC_IMPLICIT_RETAIN_SELF = YES;
				CLANG_WARN_OBJC_LITERAL_CONVERSION = YES;
				CLANG_WARN_OBJC_ROOT_CLASS = YES_ERROR;
				CLANG_WARN_QUOTED_INCLUDE_IN_FRAMEWORK_HEADER = YES;
				CLANG_WARN_RANGE_LOOP_ANALYSIS = YES;
				CLANG_WARN_STRICT_PROTOTYPES = YES;
				CLANG_WARN_SUSPICIOUS_MOVE = YES;
				CLANG_WARN_UNGUARDED_AVAILABILITY = YES_AGGRESSIVE;
				CLANG_WARN_UNREACHABLE_CODE = YES;
				CLANG_WARN__DUPLICATE_METHOD_MATCH = YES;
				COPY_PHASE_STRIP = NO;
				DEBUG_INFORMATION_FORMAT = "dwarf-with-dsym";
				ENABLE_NS_ASSERTIONS = NO;
				ENABLE_STRICT_OBJC_MSGSEND = YES;
				ENABLE_USER_SCRIPT_SANDBOXING = YES;
				GCC_C_LANGUAGE_STANDARD = gnu17;
				GCC_NO_COMMON_BLOCKS = YES;
				GCC_WARN_64_TO_32_BIT_CONVERSION = YES;
				GCC_WARN_ABOUT_RETURN_TYPE = YES_ERROR;
				GCC_WARN_UNDECLARED_SELECTOR = YES;
				GCC_WARN_UNINITIALIZED_AUTOS = YES_AGGRESSIVE;
				GCC_WARN_UNUSED_FUNCTION = YES;
				GCC_WARN_UNUSED_VARIABLE = YES;
				IPHONEOS_DEPLOYMENT_TARGET = 17.2;
				LOCALIZATION_PREFERS_STRING_CATALOGS = YES;
				MTL_ENABLE_DEBUG_INFO = NO;
				MTL_FAST_MATH = YES;
				SDKROOT = iphoneos;
				SWIFT_COMPILATION_MODE = wholemodule;
				VALIDATE_PRODUCT = YES;
			};
			name = Release;
		};
		E45DC5D72C2D9063004F68F1 /* Debug */ = {
			isa = XCBuildConfiguration;
			baseConfigurationReference = 9254D76FDA85B22FAB36B811 /* Pods-CallingDemo.debug.xcconfig */;
			buildSettings = {
				ASSETCATALOG_COMPILER_APPICON_NAME = AppIcon;
				ASSETCATALOG_COMPILER_GLOBAL_ACCENT_COLOR_NAME = AccentColor;
				CODE_SIGN_STYLE = Automatic;
				CURRENT_PROJECT_VERSION = 1;
				DEVELOPMENT_TEAM = Z8VZU79S9K;
				ENABLE_USER_SCRIPT_SANDBOXING = NO;
				GENERATE_INFOPLIST_FILE = YES;
				INFOPLIST_FILE = CallingDemo/Info.plist;
				INFOPLIST_KEY_NSCameraUsageDescription = "We require camera access to connect to a call";
				INFOPLIST_KEY_NSMicrophoneUsageDescription = "We require microphone access to connect to a call";
				INFOPLIST_KEY_UIApplicationSupportsIndirectInputEvents = YES;
				INFOPLIST_KEY_UILaunchStoryboardName = LaunchScreen;
				INFOPLIST_KEY_UIMainStoryboardFile = Main;
				INFOPLIST_KEY_UISupportedInterfaceOrientations_iPad = "UIInterfaceOrientationPortrait UIInterfaceOrientationPortraitUpsideDown UIInterfaceOrientationLandscapeLeft UIInterfaceOrientationLandscapeRight";
				INFOPLIST_KEY_UISupportedInterfaceOrientations_iPhone = "UIInterfaceOrientationPortrait UIInterfaceOrientationLandscapeLeft UIInterfaceOrientationLandscapeRight";
				IPHONEOS_DEPLOYMENT_TARGET = 16.0;
				LD_RUNPATH_SEARCH_PATHS = (
					"$(inherited)",
					"@executable_path/Frameworks",
				);
				MARKETING_VERSION = 1.0;
				PRODUCT_BUNDLE_IDENTIFIER = com.anupdsouza.CallingDemo;
				PRODUCT_NAME = "$(TARGET_NAME)";
				SWIFT_EMIT_LOC_STRINGS = YES;
				SWIFT_VERSION = 5.0;
				TARGETED_DEVICE_FAMILY = "1,2";
			};
			name = Debug;
		};
		E45DC5D82C2D9063004F68F1 /* Release */ = {
			isa = XCBuildConfiguration;
			baseConfigurationReference = 54D2B995F47ABEE719356EFE /* Pods-CallingDemo.release.xcconfig */;
			buildSettings = {
				ASSETCATALOG_COMPILER_APPICON_NAME = AppIcon;
				ASSETCATALOG_COMPILER_GLOBAL_ACCENT_COLOR_NAME = AccentColor;
				CODE_SIGN_STYLE = Automatic;
				CURRENT_PROJECT_VERSION = 1;
				DEVELOPMENT_TEAM = Z8VZU79S9K;
				ENABLE_USER_SCRIPT_SANDBOXING = NO;
				GENERATE_INFOPLIST_FILE = YES;
				INFOPLIST_FILE = CallingDemo/Info.plist;
				INFOPLIST_KEY_NSCameraUsageDescription = "We require camera access to connect to a call";
				INFOPLIST_KEY_NSMicrophoneUsageDescription = "We require microphone access to connect to a call";
				INFOPLIST_KEY_UIApplicationSupportsIndirectInputEvents = YES;
				INFOPLIST_KEY_UILaunchStoryboardName = LaunchScreen;
				INFOPLIST_KEY_UIMainStoryboardFile = Main;
				INFOPLIST_KEY_UISupportedInterfaceOrientations_iPad = "UIInterfaceOrientationPortrait UIInterfaceOrientationPortraitUpsideDown UIInterfaceOrientationLandscapeLeft UIInterfaceOrientationLandscapeRight";
				INFOPLIST_KEY_UISupportedInterfaceOrientations_iPhone = "UIInterfaceOrientationPortrait UIInterfaceOrientationLandscapeLeft UIInterfaceOrientationLandscapeRight";
				IPHONEOS_DEPLOYMENT_TARGET = 16.0;
				LD_RUNPATH_SEARCH_PATHS = (
					"$(inherited)",
					"@executable_path/Frameworks",
				);
				MARKETING_VERSION = 1.0;
				PRODUCT_BUNDLE_IDENTIFIER = com.anupdsouza.CallingDemo;
				PRODUCT_NAME = "$(TARGET_NAME)";
				SWIFT_EMIT_LOC_STRINGS = YES;
				SWIFT_VERSION = 5.0;
				TARGETED_DEVICE_FAMILY = "1,2";
			};
			name = Release;
		};
/* End XCBuildConfiguration section */

/* Begin XCConfigurationList section */
		E45DC5BD2C2D9061004F68F1 /* Build configuration list for PBXProject "CallingDemo" */ = {
			isa = XCConfigurationList;
			buildConfigurations = (
				E45DC5D42C2D9063004F68F1 /* Debug */,
				E45DC5D52C2D9063004F68F1 /* Release */,
			);
			defaultConfigurationIsVisible = 0;
			defaultConfigurationName = Release;
		};
		E45DC5D62C2D9063004F68F1 /* Build configuration list for PBXNativeTarget "CallingDemo" */ = {
			isa = XCConfigurationList;
			buildConfigurations = (
				E45DC5D72C2D9063004F68F1 /* Debug */,
				E45DC5D82C2D9063004F68F1 /* Release */,
			);
			defaultConfigurationIsVisible = 0;
			defaultConfigurationName = Release;
		};
/* End XCConfigurationList section */
	};
	rootObject = E45DC5BA2C2D9061004F68F1 /* Project object */;
}
